
Microsoft Visual Studio Solution File, Format Version 12.00
# Visual Studio Version 16
VisualStudioVersion = 16.0.31112.23
MinimumVisualStudioVersion = 10.0.40219.1
Project("{FAE04EC0-301F-11D3-BF4B-00C04F79EFBC}") = "ui", "ui\ui.csproj", "{29003FD6-17B2-4659-B663-4F9257046F04}"
EndProject
Project("{FAE04EC0-301F-11D3-BF4B-00C04F79EFBC}") = "BaseService", "BaseService\BaseService.csproj", "{0511BB8B-7A7C-4831-962B-5DED167ECCCF}"
EndProject
Global
	GlobalSection(SolutionConfigurationPlatforms) = preSolution
		Debug|Any CPU = Debug|Any CPU
		Debug|x64 = Debug|x64
		Release|Any CPU = Release|Any CPU
		Release|x64 = Release|x64
	EndGlobalSection
	GlobalSection(ProjectConfigurationPlatforms) = postSolution
		{29003FD6-17B2-4659-B663-4F9257046F04}.Debug|Any CPU.ActiveCfg = Debug|x64
		{29003FD6-17B2-4659-B663-4F9257046F04}.Debug|Any CPU.Build.0 = Debug|x64
		{29003FD6-17B2-4659-B663-4F9257046F04}.Debug|x64.ActiveCfg = Debug|x64
		{29003FD6-17B2-4659-B663-4F9257046F04}.Debug|x64.Build.0 = Debug|x64
		{29003FD6-17B2-4659-B663-4F9257046F04}.Release|Any CPU.ActiveCfg = Release|Any CPU
		{29003FD6-17B2-4659-B663-4F9257046F04}.Release|Any CPU.Build.0 = Release|Any CPU
		{29003FD6-17B2-4659-B663-4F9257046F04}.Release|x64.ActiveCfg = Release|x64
		{29003FD6-17B2-4659-B663-4F9257046F04}.Release|x64.Build.0 = Release|x64
		{0511BB8B-7A7C-4831-962B-5DED167ECCCF}.Debug|Any CPU.ActiveCfg = Debug|x64
		{0511BB8B-7A7C-4831-962B-5DED167ECCCF}.Debug|Any CPU.Build.0 = Debug|x64
		{0511BB8B-7A7C-4831-962B-5DED167ECCCF}.Debug|x64.ActiveCfg = Debug|x64
		{0511BB8B-7A7C-4831-962B-5DED167ECCCF}.Debug|x64.Build.0 = Debug|x64
		{0511BB8B-7A7C-4831-962B-5DED167ECCCF}.Release|Any CPU.ActiveCfg = Release|Any CPU
		{0511BB8B-7A7C-4831-962B-5DED167ECCCF}.Release|Any CPU.Build.0 = Release|Any CPU
		{0511BB8B-7A7C-4831-962B-5DED167ECCCF}.Release|x64.ActiveCfg = Release|x64
		{0511BB8B-7A7C-4831-962B-5DED167ECCCF}.Release|x64.Build.0 = Release|x64
	EndGlobalSection
	GlobalSection(SolutionProperties) = preSolution
		HideSolutionNode = FALSE
	EndGlobalSection
	GlobalSection(ExtensibilityGlobals) = postSolution
		SolutionGuid = {739C9F65-5E96-40B1-9922-99174EF14F17}
	EndGlobalSection
EndGlobal
